
Microsoft Visual Studio Solution File, Format Version 12.00
# Visual Studio 15
VisualStudioVersion = 15.0.27428.2015
MinimumVisualStudioVersion = 10.0.40219.1
Project("{9A19103F-16F7-4668-BE54-9A1E7A4F7556}") = "S2A2", "S2A2\S2A2.csproj", "{38625847-C39B-4C33-A901-FE6E11EE47F6}"
EndProject
Project("{9A19103F-16F7-4668-BE54-9A1E7A4F7556}") = "S2A1", "S2A1\S2A1.csproj", "{E64DA10F-151E-4AD9-8441-F25CCCD799B5}"
EndProject
Project("{9A19103F-16F7-4668-BE54-9A1E7A4F7556}") = "S2E1", "S2E1\S2E1.csproj", "{8BA29076-711F-40D8-A58D-BFF86B56C37E}"
EndProject
Project("{9A19103F-16F7-4668-BE54-9A1E7A4F7556}") = "S2E2", "S2E2\S2E2.csproj", "{9FBAB79E-302A-470C-84B7-A5712FCC9A5C}"
EndProject
Project("{9A19103F-16F7-4668-BE54-9A1E7A4F7556}") = "S2E3", "S2E3\S2E3.csproj", "{4CAE65A1-8D30-4277-ACCF-75B5887BE724}"
EndProject
Project("{9A19103F-16F7-4668-BE54-9A1E7A4F7556}") = "S3A1", "S3A1\S3A1.csproj", "{6282E174-7E1E-4AEC-B6AA-154D999442E3}"
EndProject
Project("{9A19103F-16F7-4668-BE54-9A1E7A4F7556}") = "S3E1", "S3E1\S3E1.csproj", "{8462A3DD-6E95-4424-A852-7144920AA994}"
EndProject
Project("{9A19103F-16F7-4668-BE54-9A1E7A4F7556}") = "S3A2", "S3A2\S3A2.csproj", "{857E49EC-7666-4276-98FA-DF0C0F7995BD}"
EndProject
Project("{9A19103F-16F7-4668-BE54-9A1E7A4F7556}") = "S3E2", "S3E2\S3E2.csproj", "{4B5C652C-A7BD-425D-9CC4-4C80146264A8}"
EndProject
Project("{9A19103F-16F7-4668-BE54-9A1E7A4F7556}") = "S3A3", "S3A3\S3A3.csproj", "{235217CC-C92A-4239-BDDF-C0D46D8ABC35}"
EndProject
Project("{9A19103F-16F7-4668-BE54-9A1E7A4F7556}") = "S3E3", "S3E3\S3E3.csproj", "{4E97B92F-FD55-48BB-9BD4-D82880BEACAB}"
EndProject
Project("{9A19103F-16F7-4668-BE54-9A1E7A4F7556}") = "S3A4", "S3A4\S3A4.csproj", "{0F3ABAA5-F625-4B31-9336-B678364331DA}"
EndProject
Project("{9A19103F-16F7-4668-BE54-9A1E7A4F7556}") = "S3E4", "S3E4\S3E4.csproj", "{B71D0892-ED44-4BF1-A5F3-317DDD3A8C31}"
EndProject
Project("{9A19103F-16F7-4668-BE54-9A1E7A4F7556}") = "S3A5", "S3A5\S3A5.csproj", "{9EE8566B-EF49-44FC-B684-3D070AAC3E84}"
EndProject
Project("{9A19103F-16F7-4668-BE54-9A1E7A4F7556}") = "S3E5", "S3E5\S3E5.csproj", "{85D40FC5-4A39-46F0-A58C-4C198BD123A7}"
EndProject
Project("{9A19103F-16F7-4668-BE54-9A1E7A4F7556}") = "S3A6", "S3A6\S3A6.csproj", "{8DD97033-2939-45AC-8463-F994D01C50D8}"
EndProject
Project("{9A19103F-16F7-4668-BE54-9A1E7A4F7556}") = "S3A7", "S3A7\S3A7.csproj", "{3A715BDF-A63F-4F3E-9C54-8570E425B97E}"
EndProject
Project("{9A19103F-16F7-4668-BE54-9A1E7A4F7556}") = "curso", "curso\curso.csproj", "{3C6134D5-7430-4967-859B-89717C7CF7F9}"
EndProject
Global
	GlobalSection(SolutionConfigurationPlatforms) = preSolution
		Debug|Any CPU = Debug|Any CPU
		Release|Any CPU = Release|Any CPU
	EndGlobalSection
	GlobalSection(ProjectConfigurationPlatforms) = postSolution
		{38625847-C39B-4C33-A901-FE6E11EE47F6}.Debug|Any CPU.ActiveCfg = Debug|Any CPU
		{38625847-C39B-4C33-A901-FE6E11EE47F6}.Debug|Any CPU.Build.0 = Debug|Any CPU
		{38625847-C39B-4C33-A901-FE6E11EE47F6}.Release|Any CPU.ActiveCfg = Release|Any CPU
		{38625847-C39B-4C33-A901-FE6E11EE47F6}.Release|Any CPU.Build.0 = Release|Any CPU
		{E64DA10F-151E-4AD9-8441-F25CCCD799B5}.Debug|Any CPU.ActiveCfg = Debug|Any CPU
		{E64DA10F-151E-4AD9-8441-F25CCCD799B5}.Debug|Any CPU.Build.0 = Debug|Any CPU
		{E64DA10F-151E-4AD9-8441-F25CCCD799B5}.Release|Any CPU.ActiveCfg = Release|Any CPU
		{E64DA10F-151E-4AD9-8441-F25CCCD799B5}.Release|Any CPU.Build.0 = Release|Any CPU
		{8BA29076-711F-40D8-A58D-BFF86B56C37E}.Debug|Any CPU.ActiveCfg = Debug|Any CPU
		{8BA29076-711F-40D8-A58D-BFF86B56C37E}.Debug|Any CPU.Build.0 = Debug|Any CPU
		{8BA29076-711F-40D8-A58D-BFF86B56C37E}.Release|Any CPU.ActiveCfg = Release|Any CPU
		{8BA29076-711F-40D8-A58D-BFF86B56C37E}.Release|Any CPU.Build.0 = Release|Any CPU
		{9FBAB79E-302A-470C-84B7-A5712FCC9A5C}.Debug|Any CPU.ActiveCfg = Debug|Any CPU
		{9FBAB79E-302A-470C-84B7-A5712FCC9A5C}.Debug|Any CPU.Build.0 = Debug|Any CPU
		{9FBAB79E-302A-470C-84B7-A5712FCC9A5C}.Release|Any CPU.ActiveCfg = Release|Any CPU
		{9FBAB79E-302A-470C-84B7-A5712FCC9A5C}.Release|Any CPU.Build.0 = Release|Any CPU
		{4CAE65A1-8D30-4277-ACCF-75B5887BE724}.Debug|Any CPU.ActiveCfg = Debug|Any CPU
		{4CAE65A1-8D30-4277-ACCF-75B5887BE724}.Debug|Any CPU.Build.0 = Debug|Any CPU
		{4CAE65A1-8D30-4277-ACCF-75B5887BE724}.Release|Any CPU.ActiveCfg = Release|Any CPU
		{4CAE65A1-8D30-4277-ACCF-75B5887BE724}.Release|Any CPU.Build.0 = Release|Any CPU
		{6282E174-7E1E-4AEC-B6AA-154D999442E3}.Debug|Any CPU.ActiveCfg = Debug|Any CPU
		{6282E174-7E1E-4AEC-B6AA-154D999442E3}.Debug|Any CPU.Build.0 = Debug|Any CPU
		{6282E174-7E1E-4AEC-B6AA-154D999442E3}.Release|Any CPU.ActiveCfg = Release|Any CPU
		{6282E174-7E1E-4AEC-B6AA-154D999442E3}.Release|Any CPU.Build.0 = Release|Any CPU
		{8462A3DD-6E95-4424-A852-7144920AA994}.Debug|Any CPU.ActiveCfg = Debug|Any CPU
		{8462A3DD-6E95-4424-A852-7144920AA994}.Debug|Any CPU.Build.0 = Debug|Any CPU
		{8462A3DD-6E95-4424-A852-7144920AA994}.Release|Any CPU.ActiveCfg = Release|Any CPU
		{8462A3DD-6E95-4424-A852-7144920AA994}.Release|Any CPU.Build.0 = Release|Any CPU
		{857E49EC-7666-4276-98FA-DF0C0F7995BD}.Debug|Any CPU.ActiveCfg = Debug|Any CPU
		{857E49EC-7666-4276-98FA-DF0C0F7995BD}.Debug|Any CPU.Build.0 = Debug|Any CPU
		{857E49EC-7666-4276-98FA-DF0C0F7995BD}.Release|Any CPU.ActiveCfg = Release|Any CPU
		{857E49EC-7666-4276-98FA-DF0C0F7995BD}.Release|Any CPU.Build.0 = Release|Any CPU
		{4B5C652C-A7BD-425D-9CC4-4C80146264A8}.Debug|Any CPU.ActiveCfg = Debug|Any CPU
		{4B5C652C-A7BD-425D-9CC4-4C80146264A8}.Debug|Any CPU.Build.0 = Debug|Any CPU
		{4B5C652C-A7BD-425D-9CC4-4C80146264A8}.Release|Any CPU.ActiveCfg = Release|Any CPU
		{4B5C652C-A7BD-425D-9CC4-4C80146264A8}.Release|Any CPU.Build.0 = Release|Any CPU
		{235217CC-C92A-4239-BDDF-C0D46D8ABC35}.Debug|Any CPU.ActiveCfg = Debug|Any CPU
		{235217CC-C92A-4239-BDDF-C0D46D8ABC35}.Debug|Any CPU.Build.0 = Debug|Any CPU
		{235217CC-C92A-4239-BDDF-C0D46D8ABC35}.Release|Any CPU.ActiveCfg = Release|Any CPU
		{235217CC-C92A-4239-BDDF-C0D46D8ABC35}.Release|Any CPU.Build.0 = Release|Any CPU
		{4E97B92F-FD55-48BB-9BD4-D82880BEACAB}.Debug|Any CPU.ActiveCfg = Debug|Any CPU
		{4E97B92F-FD55-48BB-9BD4-D82880BEACAB}.Debug|Any CPU.Build.0 = Debug|Any CPU
		{4E97B92F-FD55-48BB-9BD4-D82880BEACAB}.Release|Any CPU.ActiveCfg = Release|Any CPU
		{4E97B92F-FD55-48BB-9BD4-D82880BEACAB}.Release|Any CPU.Build.0 = Release|Any CPU
		{0F3ABAA5-F625-4B31-9336-B678364331DA}.Debug|Any CPU.ActiveCfg = Debug|Any CPU
		{0F3ABAA5-F625-4B31-9336-B678364331DA}.Debug|Any CPU.Build.0 = Debug|Any CPU
		{0F3ABAA5-F625-4B31-9336-B678364331DA}.Release|Any CPU.ActiveCfg = Release|Any CPU
		{0F3ABAA5-F625-4B31-9336-B678364331DA}.Release|Any CPU.Build.0 = Release|Any CPU
		{B71D0892-ED44-4BF1-A5F3-317DDD3A8C31}.Debug|Any CPU.ActiveCfg = Debug|Any CPU
		{B71D0892-ED44-4BF1-A5F3-317DDD3A8C31}.Debug|Any CPU.Build.0 = Debug|Any CPU
		{B71D0892-ED44-4BF1-A5F3-317DDD3A8C31}.Release|Any CPU.ActiveCfg = Release|Any CPU
		{B71D0892-ED44-4BF1-A5F3-317DDD3A8C31}.Release|Any CPU.Build.0 = Release|Any CPU
		{9EE8566B-EF49-44FC-B684-3D070AAC3E84}.Debug|Any CPU.ActiveCfg = Debug|Any CPU
		{9EE8566B-EF49-44FC-B684-3D070AAC3E84}.Debug|Any CPU.Build.0 = Debug|Any CPU
		{9EE8566B-EF49-44FC-B684-3D070AAC3E84}.Release|Any CPU.ActiveCfg = Release|Any CPU
		{9EE8566B-EF49-44FC-B684-3D070AAC3E84}.Release|Any CPU.Build.0 = Release|Any CPU
		{85D40FC5-4A39-46F0-A58C-4C198BD123A7}.Debug|Any CPU.ActiveCfg = Debug|Any CPU
		{85D40FC5-4A39-46F0-A58C-4C198BD123A7}.Debug|Any CPU.Build.0 = Debug|Any CPU
		{85D40FC5-4A39-46F0-A58C-4C198BD123A7}.Release|Any CPU.ActiveCfg = Release|Any CPU
		{85D40FC5-4A39-46F0-A58C-4C198BD123A7}.Release|Any CPU.Build.0 = Release|Any CPU
		{8DD97033-2939-45AC-8463-F994D01C50D8}.Debug|Any CPU.ActiveCfg = Debug|Any CPU
		{8DD97033-2939-45AC-8463-F994D01C50D8}.Debug|Any CPU.Build.0 = Debug|Any CPU
		{8DD97033-2939-45AC-8463-F994D01C50D8}.Release|Any CPU.ActiveCfg = Release|Any CPU
		{8DD97033-2939-45AC-8463-F994D01C50D8}.Release|Any CPU.Build.0 = Release|Any CPU
		{3A715BDF-A63F-4F3E-9C54-8570E425B97E}.Debug|Any CPU.ActiveCfg = Debug|Any CPU
		{3A715BDF-A63F-4F3E-9C54-8570E425B97E}.Debug|Any CPU.Build.0 = Debug|Any CPU
		{3A715BDF-A63F-4F3E-9C54-8570E425B97E}.Release|Any CPU.ActiveCfg = Release|Any CPU
		{3A715BDF-A63F-4F3E-9C54-8570E425B97E}.Release|Any CPU.Build.0 = Release|Any CPU
		{3C6134D5-7430-4967-859B-89717C7CF7F9}.Debug|Any CPU.ActiveCfg = Debug|Any CPU
		{3C6134D5-7430-4967-859B-89717C7CF7F9}.Debug|Any CPU.Build.0 = Debug|Any CPU
		{3C6134D5-7430-4967-859B-89717C7CF7F9}.Release|Any CPU.ActiveCfg = Release|Any CPU
		{3C6134D5-7430-4967-859B-89717C7CF7F9}.Release|Any CPU.Build.0 = Release|Any CPU
	EndGlobalSection
	GlobalSection(SolutionProperties) = preSolution
		HideSolutionNode = FALSE
	EndGlobalSection
	GlobalSection(ExtensibilityGlobals) = postSolution
		SolutionGuid = {DC98F502-F0A4-49A8-8D04-8FE99A89BE56}
	EndGlobalSection
EndGlobal
